# This file is automatically @generated by Cargo.
# It is not intended for manual editing.
version = 4

[[package]]
name = "rnovdb-cli"
version = "0.1.0"
dependencies = [
 "rnovdb-common",
 "rnovdb-storage",
 "rnovdb-types",
]

[[package]]
name = "rnovdb-common"
version = "0.1.0"

[[package]]
name = "rnovdb-storage"
version = "0.1.0"
dependencies = [
 "rnovdb-common",
]

[[package]]
name = "rnovdb-types"
version = "0.1.0"
